// !$*UTF8*$!
{
	archiveVersion = 1;
	classes = {
	};
	objectVersion = 46;
	objects = {

/* Begin PBXBuildFile section */
		CAEA1C4C1DAA6A83008853A5 /* AppDelegate.swift in Sources */ = {isa = PBXBuildFile; fileRef = CAEA1C4B1DAA6A83008853A5 /* AppDelegate.swift */; };
		CAEA1C511DAA6A83008853A5 /* Main.storyboard in Resources */ = {isa = PBXBuildFile; fileRef = CAEA1C4F1DAA6A83008853A5 /* Main.storyboard */; };
		CAEA1C531DAA6A83008853A5 /* Assets.xcassets in Resources */ = {isa = PBXBuildFile; fileRef = CAEA1C521DAA6A83008853A5 /* Assets.xcassets */; };
		CAEA1C561DAA6A83008853A5 /* LaunchScreen.storyboard in Resources */ = {isa = PBXBuildFile; fileRef = CAEA1C541DAA6A83008853A5 /* LaunchScreen.storyboard */; };
		CAEA1C611DAA6A83008853A5 /* RRDouyuTVTests.swift in Sources */ = {isa = PBXBuildFile; fileRef = CAEA1C601DAA6A83008853A5 /* RRDouyuTVTests.swift */; };
		CAEA1C6C1DAA6A83008853A5 /* RRDouyuTVUITests.swift in Sources */ = {isa = PBXBuildFile; fileRef = CAEA1C6B1DAA6A83008853A5 /* RRDouyuTVUITests.swift */; };
		CAEA1C841DAA79B9008853A5 /* HomeViewController.storyboard in Resources */ = {isa = PBXBuildFile; fileRef = CAEA1C821DAA79B9008853A5 /* HomeViewController.storyboard */; };
		CAEA1C861DAA79CE008853A5 /* LiveViewController.storyboard in Resources */ = {isa = PBXBuildFile; fileRef = CAEA1C851DAA79CE008853A5 /* LiveViewController.storyboard */; };
		CAEA1C891DAA79E5008853A5 /* FolloewViewController.storyboard in Resources */ = {isa = PBXBuildFile; fileRef = CAEA1C871DAA79E5008853A5 /* FolloewViewController.storyboard */; };
		CAEA1C8B1DAA79F8008853A5 /* MeViewController.storyboard in Resources */ = {isa = PBXBuildFile; fileRef = CAEA1C8A1DAA79F8008853A5 /* MeViewController.storyboard */; };
		CAEA1C8D1DAA8E28008853A5 /* MainViewController.swift in Sources */ = {isa = PBXBuildFile; fileRef = CAEA1C8C1DAA8E28008853A5 /* MainViewController.swift */; };
		CAEA1C9E1DAAA154008853A5 /* HomeViewController.swift in Sources */ = {isa = PBXBuildFile; fileRef = CAEA1C9D1DAAA154008853A5 /* HomeViewController.swift */; };
		CAEA1CA11DAAA939008853A5 /* UIBarButtonItem.swift in Sources */ = {isa = PBXBuildFile; fileRef = CAEA1CA01DAAA939008853A5 /* UIBarButtonItem.swift */; };
/* End PBXBuildFile section */

/* Begin PBXContainerItemProxy section */
		CAEA1C5D1DAA6A83008853A5 /* PBXContainerItemProxy */ = {
			isa = PBXContainerItemProxy;
			containerPortal = CAEA1C401DAA6A83008853A5 /* Project object */;
			proxyType = 1;
			remoteGlobalIDString = CAEA1C471DAA6A83008853A5;
			remoteInfo = RRDouyuTV;
		};
		CAEA1C681DAA6A83008853A5 /* PBXContainerItemProxy */ = {
			isa = PBXContainerItemProxy;
			containerPortal = CAEA1C401DAA6A83008853A5 /* Project object */;
			proxyType = 1;
			remoteGlobalIDString = CAEA1C471DAA6A83008853A5;
			remoteInfo = RRDouyuTV;
		};
/* End PBXContainerItemProxy section */

/* Begin PBXFileReference section */
		CAEA1C481DAA6A83008853A5 /* RRDouyuTV.app */ = {isa = PBXFileReference; explicitFileType = wrapper.application; includeInIndex = 0; path = RRDouyuTV.app; sourceTree = BUILT_PRODUCTS_DIR; };
		CAEA1C4B1DAA6A83008853A5 /* AppDelegate.swift */ = {isa = PBXFileReference; lastKnownFileType = sourcecode.swift; path = AppDelegate.swift; sourceTree = "<group>"; };
		CAEA1C501DAA6A83008853A5 /* Base */ = {isa = PBXFileReference; lastKnownFileType = file.storyboard; name = Base; path = Base.lproj/Main.storyboard; sourceTree = "<group>"; };
		CAEA1C521DAA6A83008853A5 /* Assets.xcassets */ = {isa = PBXFileReference; lastKnownFileType = folder.assetcatalog; path = Assets.xcassets; sourceTree = "<group>"; };
		CAEA1C551DAA6A83008853A5 /* Base */ = {isa = PBXFileReference; lastKnownFileType = file.storyboard; name = Base; path = Base.lproj/LaunchScreen.storyboard; sourceTree = "<group>"; };
		CAEA1C571DAA6A83008853A5 /* Info.plist */ = {isa = PBXFileReference; lastKnownFileType = text.plist.xml; path = Info.plist; sourceTree = "<group>"; };
		CAEA1C5C1DAA6A83008853A5 /* RRDouyuTVTests.xctest */ = {isa = PBXFileReference; explicitFileType = wrapper.cfbundle; includeInIndex = 0; path = RRDouyuTVTests.xctest; sourceTree = BUILT_PRODUCTS_DIR; };
		CAEA1C601DAA6A83008853A5 /* RRDouyuTVTests.swift */ = {isa = PBXFileReference; lastKnownFileType = sourcecode.swift; path = RRDouyuTVTests.swift; sourceTree = "<group>"; };
		CAEA1C621DAA6A83008853A5 /* Info.plist */ = {isa = PBXFileReference; lastKnownFileType = text.plist.xml; path = Info.plist; sourceTree = "<group>"; };
		CAEA1C671DAA6A83008853A5 /* RRDouyuTVUITests.xctest */ = {isa = PBXFileReference; explicitFileType = wrapper.cfbundle; includeInIndex = 0; path = RRDouyuTVUITests.xctest; sourceTree = BUILT_PRODUCTS_DIR; };
		CAEA1C6B1DAA6A83008853A5 /* RRDouyuTVUITests.swift */ = {isa = PBXFileReference; lastKnownFileType = sourcecode.swift; path = RRDouyuTVUITests.swift; sourceTree = "<group>"; };
		CAEA1C6D1DAA6A83008853A5 /* Info.plist */ = {isa = PBXFileReference; lastKnownFileType = text.plist.xml; path = Info.plist; sourceTree = "<group>"; };
		CAEA1C831DAA79B9008853A5 /* Base */ = {isa = PBXFileReference; lastKnownFileType = file.storyboard; name = Base; path = RRDouyuTV/Base.lproj/HomeViewController.storyboard; sourceTree = SOURCE_ROOT; };
		CAEA1C851DAA79CE008853A5 /* LiveViewController.storyboard */ = {isa = PBXFileReference; fileEncoding = 4; lastKnownFileType = file.storyboard; name = LiveViewController.storyboard; path = "../../Main(主界面)/LiveViewController.storyboard"; sourceTree = "<group>"; };
		CAEA1C881DAA79E5008853A5 /* Base */ = {isa = PBXFileReference; lastKnownFileType = file.storyboard; name = Base; path = RRDouyuTV/Base.lproj/FolloewViewController.storyboard; sourceTree = SOURCE_ROOT; };
		CAEA1C8A1DAA79F8008853A5 /* MeViewController.storyboard */ = {isa = PBXFileReference; fileEncoding = 4; lastKnownFileType = file.storyboard; name = MeViewController.storyboard; path = "../../Main(主界面)/MeViewController.storyboard"; sourceTree = "<group>"; };
		CAEA1C8C1DAA8E28008853A5 /* MainViewController.swift */ = {isa = PBXFileReference; fileEncoding = 4; lastKnownFileType = sourcecode.swift; name = MainViewController.swift; path = ../MainViewController.swift; sourceTree = "<group>"; };
		CAEA1C9D1DAAA154008853A5 /* HomeViewController.swift */ = {isa = PBXFileReference; fileEncoding = 4; lastKnownFileType = sourcecode.swift; path = HomeViewController.swift; sourceTree = "<group>"; };
		CAEA1CA01DAAA939008853A5 /* UIBarButtonItem.swift */ = {isa = PBXFileReference; fileEncoding = 4; lastKnownFileType = sourcecode.swift; path = UIBarButtonItem.swift; sourceTree = "<group>"; };
/* End PBXFileReference section */

/* Begin PBXFrameworksBuildPhase section */
		CAEA1C451DAA6A83008853A5 /* Frameworks */ = {
			isa = PBXFrameworksBuildPhase;
			buildActionMask = 2147483647;
			files = (
			);
			runOnlyForDeploymentPostprocessing = 0;
		};
		CAEA1C591DAA6A83008853A5 /* Frameworks */ = {
			isa = PBXFrameworksBuildPhase;
			buildActionMask = 2147483647;
			files = (
			);
			runOnlyForDeploymentPostprocessing = 0;
		};
		CAEA1C641DAA6A83008853A5 /* Frameworks */ = {
			isa = PBXFrameworksBuildPhase;
			buildActionMask = 2147483647;
			files = (
			);
			runOnlyForDeploymentPostprocessing = 0;
		};
/* End PBXFrameworksBuildPhase section */

/* Begin PBXGroup section */
		CAEA1C3F1DAA6A83008853A5 = {
			isa = PBXGroup;
			children = (
				CAEA1C4A1DAA6A83008853A5 /* RRDouyuTV */,
				CAEA1C5F1DAA6A83008853A5 /* RRDouyuTVTests */,
				CAEA1C6A1DAA6A83008853A5 /* RRDouyuTVUITests */,
				CAEA1C491DAA6A83008853A5 /* Products */,
			);
			sourceTree = "<group>";
		};
		CAEA1C491DAA6A83008853A5 /* Products */ = {
			isa = PBXGroup;
			children = (
				CAEA1C481DAA6A83008853A5 /* RRDouyuTV.app */,
				CAEA1C5C1DAA6A83008853A5 /* RRDouyuTVTests.xctest */,
				CAEA1C671DAA6A83008853A5 /* RRDouyuTVUITests.xctest */,
			);
			name = Products;
			sourceTree = "<group>";
		};
		CAEA1C4A1DAA6A83008853A5 /* RRDouyuTV */ = {
			isa = PBXGroup;
			children = (
				CAEA1C791DAA6DBB008853A5 /* Classes */,
				CAEA1C4B1DAA6A83008853A5 /* AppDelegate.swift */,
				CAEA1C521DAA6A83008853A5 /* Assets.xcassets */,
				CAEA1C541DAA6A83008853A5 /* LaunchScreen.storyboard */,
				CAEA1C571DAA6A83008853A5 /* Info.plist */,
			);
			path = RRDouyuTV;
			sourceTree = "<group>";
		};
		CAEA1C5F1DAA6A83008853A5 /* RRDouyuTVTests */ = {
			isa = PBXGroup;
			children = (
				CAEA1C601DAA6A83008853A5 /* RRDouyuTVTests.swift */,
				CAEA1C621DAA6A83008853A5 /* Info.plist */,
			);
			path = RRDouyuTVTests;
			sourceTree = "<group>";
		};
		CAEA1C6A1DAA6A83008853A5 /* RRDouyuTVUITests */ = {
			isa = PBXGroup;
			children = (
				CAEA1C6B1DAA6A83008853A5 /* RRDouyuTVUITests.swift */,
				CAEA1C6D1DAA6A83008853A5 /* Info.plist */,
			);
			path = RRDouyuTVUITests;
			sourceTree = "<group>";
		};
		CAEA1C791DAA6DBB008853A5 /* Classes */ = {
			isa = PBXGroup;
			children = (
				CAEA1C7D1DAA6DBB008853A5 /* Main(主界面) */,
				CAEA1C7B1DAA6DBB008853A5 /* Home(首页) */,
				CAEA1C7C1DAA6DBB008853A5 /* Live(直播) */,
				CAEA1C7A1DAA6DBB008853A5 /* Follow(关注) */,
				CAEA1C7E1DAA6DBB008853A5 /* Me(我) */,
				CAEA1C7F1DAA6DBB008853A5 /* Tools(工具) */,
			);
			path = Classes;
			sourceTree = "<group>";
		};
		CAEA1C7A1DAA6DBB008853A5 /* Follow(关注) */ = {
			isa = PBXGroup;
			children = (
				CAEA1C961DAA9312008853A5 /* ViewController */,
				CAEA1C951DAA9312008853A5 /* View */,
				CAEA1C941DAA9312008853A5 /* Model */,
			);
			path = "Follow(关注)";
			sourceTree = "<group>";
		};
		CAEA1C7B1DAA6DBB008853A5 /* Home(首页) */ = {
			isa = PBXGroup;
			children = (
				CAEA1C901DAA92F3008853A5 /* ViewController */,
				CAEA1C8F1DAA92F3008853A5 /* View */,
				CAEA1C8E1DAA92F3008853A5 /* Model */,
			);
			path = "Home(首页)";
			sourceTree = "<group>";
		};
		CAEA1C7C1DAA6DBB008853A5 /* Live(直播) */ = {
			isa = PBXGroup;
			children = (
				CAEA1C931DAA9302008853A5 /* ViewController */,
				CAEA1C921DAA9302008853A5 /* View */,
				CAEA1C911DAA9302008853A5 /* Model */,
			);
			path = "Live(直播)";
			sourceTree = "<group>";
		};
		CAEA1C7D1DAA6DBB008853A5 /* Main(主界面) */ = {
			isa = PBXGroup;
			children = (
				CAEA1C9C1DAA938D008853A5 /* ViewController */,
				CAEA1C9B1DAA938D008853A5 /* View */,
				CAEA1C9A1DAA938D008853A5 /* Model */,
			);
			path = "Main(主界面)";
			sourceTree = "<group>";
		};
		CAEA1C7E1DAA6DBB008853A5 /* Me(我) */ = {
			isa = PBXGroup;
			children = (
				CAEA1C991DAA931C008853A5 /* ViewController */,
				CAEA1C981DAA931C008853A5 /* View */,
				CAEA1C971DAA931C008853A5 /* Model */,
			);
			path = "Me(我)";
			sourceTree = "<group>";
		};
		CAEA1C7F1DAA6DBB008853A5 /* Tools(工具) */ = {
			isa = PBXGroup;
			children = (
				CAEA1C9F1DAAA615008853A5 /* Extension */,
			);
			path = "Tools(工具)";
			sourceTree = "<group>";
		};
		CAEA1C8E1DAA92F3008853A5 /* Model */ = {
			isa = PBXGroup;
			children = (
			);
			path = Model;
			sourceTree = "<group>";
		};
		CAEA1C8F1DAA92F3008853A5 /* View */ = {
			isa = PBXGroup;
			children = (
			);
			path = View;
			sourceTree = "<group>";
		};
		CAEA1C901DAA92F3008853A5 /* ViewController */ = {
			isa = PBXGroup;
			children = (
				CAEA1C821DAA79B9008853A5 /* HomeViewController.storyboard */,
				CAEA1C9D1DAAA154008853A5 /* HomeViewController.swift */,
			);
			path = ViewController;
			sourceTree = "<group>";
		};
		CAEA1C911DAA9302008853A5 /* Model */ = {
			isa = PBXGroup;
			children = (
			);
			path = Model;
			sourceTree = "<group>";
		};
		CAEA1C921DAA9302008853A5 /* View */ = {
			isa = PBXGroup;
			children = (
			);
			path = View;
			sourceTree = "<group>";
		};
		CAEA1C931DAA9302008853A5 /* ViewController */ = {
			isa = PBXGroup;
			children = (
				CAEA1C851DAA79CE008853A5 /* LiveViewController.storyboard */,
			);
			path = ViewController;
			sourceTree = "<group>";
		};
		CAEA1C941DAA9312008853A5 /* Model */ = {
			isa = PBXGroup;
			children = (
			);
			path = Model;
			sourceTree = "<group>";
		};
		CAEA1C951DAA9312008853A5 /* View */ = {
			isa = PBXGroup;
			children = (
			);
			path = View;
			sourceTree = "<group>";
		};
		CAEA1C961DAA9312008853A5 /* ViewController */ = {
			isa = PBXGroup;
			children = (
				CAEA1C871DAA79E5008853A5 /* FolloewViewController.storyboard */,
			);
			path = ViewController;
			sourceTree = "<group>";
		};
		CAEA1C971DAA931C008853A5 /* Model */ = {
			isa = PBXGroup;
			children = (
			);
			path = Model;
			sourceTree = "<group>";
		};
		CAEA1C981DAA931C008853A5 /* View */ = {
			isa = PBXGroup;
			children = (
			);
			path = View;
			sourceTree = "<group>";
		};
		CAEA1C991DAA931C008853A5 /* ViewController */ = {
			isa = PBXGroup;
			children = (
				CAEA1C8A1DAA79F8008853A5 /* MeViewController.storyboard */,
			);
			path = ViewController;
			sourceTree = "<group>";
		};
		CAEA1C9A1DAA938D008853A5 /* Model */ = {
			isa = PBXGroup;
			children = (
			);
			path = Model;
			sourceTree = "<group>";
		};
		CAEA1C9B1DAA938D008853A5 /* View */ = {
			isa = PBXGroup;
			children = (
			);
			path = View;
			sourceTree = "<group>";
		};
		CAEA1C9C1DAA938D008853A5 /* ViewController */ = {
			isa = PBXGroup;
			children = (
				CAEA1C4F1DAA6A83008853A5 /* Main.storyboard */,
				CAEA1C8C1DAA8E28008853A5 /* MainViewController.swift */,
			);
			path = ViewController;
			sourceTree = "<group>";
		};
		CAEA1C9F1DAAA615008853A5 /* Extension */ = {
			isa = PBXGroup;
			children = (
				CAEA1CA01DAAA939008853A5 /* UIBarButtonItem.swift */,
			);
			path = Extension;
			sourceTree = "<group>";
		};
/* End PBXGroup section */

/* Begin PBXNativeTarget section */
		CAEA1C471DAA6A83008853A5 /* RRDouyuTV */ = {
			isa = PBXNativeTarget;
			buildConfigurationList = CAEA1C701DAA6A83008853A5 /* Build configuration list for PBXNativeTarget "RRDouyuTV" */;
			buildPhases = (
				CAEA1C441DAA6A83008853A5 /* Sources */,
				CAEA1C451DAA6A83008853A5 /* Frameworks */,
				CAEA1C461DAA6A83008853A5 /* Resources */,
			);
			buildRules = (
			);
			dependencies = (
			);
			name = RRDouyuTV;
			productName = RRDouyuTV;
			productReference = CAEA1C481DAA6A83008853A5 /* RRDouyuTV.app */;
			productType = "com.apple.product-type.application";
		};
		CAEA1C5B1DAA6A83008853A5 /* RRDouyuTVTests */ = {
			isa = PBXNativeTarget;
			buildConfigurationList = CAEA1C731DAA6A83008853A5 /* Build configuration list for PBXNativeTarget "RRDouyuTVTests" */;
			buildPhases = (
				CAEA1C581DAA6A83008853A5 /* Sources */,
				CAEA1C591DAA6A83008853A5 /* Frameworks */,
				CAEA1C5A1DAA6A83008853A5 /* Resources */,
			);
			buildRules = (
			);
			dependencies = (
				CAEA1C5E1DAA6A83008853A5 /* PBXTargetDependency */,
			);
			name = RRDouyuTVTests;
			productName = RRDouyuTVTests;
			productReference = CAEA1C5C1DAA6A83008853A5 /* RRDouyuTVTests.xctest */;
			productType = "com.apple.product-type.bundle.unit-test";
		};
		CAEA1C661DAA6A83008853A5 /* RRDouyuTVUITests */ = {
			isa = PBXNativeTarget;
			buildConfigurationList = CAEA1C761DAA6A83008853A5 /* Build configuration list for PBXNativeTarget "RRDouyuTVUITests" */;
			buildPhases = (
				CAEA1C631DAA6A83008853A5 /* Sources */,
				CAEA1C641DAA6A83008853A5 /* Frameworks */,
				CAEA1C651DAA6A83008853A5 /* Resources */,
			);
			buildRules = (
			);
			dependencies = (
				CAEA1C691DAA6A83008853A5 /* PBXTargetDependency */,
			);
			name = RRDouyuTVUITests;
			productName = RRDouyuTVUITests;
			productReference = CAEA1C671DAA6A83008853A5 /* RRDouyuTVUITests.xctest */;
			productType = "com.apple.product-type.bundle.ui-testing";
		};
/* End PBXNativeTarget section */

/* Begin PBXProject section */
		CAEA1C401DAA6A83008853A5 /* Project object */ = {
			isa = PBXProject;
			attributes = {
				LastSwiftUpdateCheck = 0800;
				LastUpgradeCheck = 0800;
				ORGANIZATIONNAME = Rochester;
				TargetAttributes = {
					CAEA1C471DAA6A83008853A5 = {
						CreatedOnToolsVersion = 8.0;
						ProvisioningStyle = Automatic;
					};
					CAEA1C5B1DAA6A83008853A5 = {
						CreatedOnToolsVersion = 8.0;
						ProvisioningStyle = Automatic;
						TestTargetID = CAEA1C471DAA6A83008853A5;
					};
					CAEA1C661DAA6A83008853A5 = {
						CreatedOnToolsVersion = 8.0;
						ProvisioningStyle = Automatic;
						TestTargetID = CAEA1C471DAA6A83008853A5;
					};
				};
			};
			buildConfigurationList = CAEA1C431DAA6A83008853A5 /* Build configuration list for PBXProject "RRDouyuTV" */;
			compatibilityVersion = "Xcode 3.2";
			developmentRegion = English;
			hasScannedForEncodings = 0;
			knownRegions = (
				en,
				Base,
			);
			mainGroup = CAEA1C3F1DAA6A83008853A5;
			productRefGroup = CAEA1C491DAA6A83008853A5 /* Products */;
			projectDirPath = "";
			projectRoot = "";
			targets = (
				CAEA1C471DAA6A83008853A5 /* RRDouyuTV */,
				CAEA1C5B1DAA6A83008853A5 /* RRDouyuTVTests */,
				CAEA1C661DAA6A83008853A5 /* RRDouyuTVUITests */,
			);
		};
/* End PBXProject section */

/* Begin PBXResourcesBuildPhase section */
		CAEA1C461DAA6A83008853A5 /* Resources */ = {
			isa = PBXResourcesBuildPhase;
			buildActionMask = 2147483647;
			files = (
				CAEA1C891DAA79E5008853A5 /* FolloewViewController.storyboard in Resources */,
				CAEA1C8B1DAA79F8008853A5 /* MeViewController.storyboard in Resources */,
				CAEA1C841DAA79B9008853A5 /* HomeViewController.storyboard in Resources */,
				CAEA1C561DAA6A83008853A5 /* LaunchScreen.storyboard in Resources */,
				CAEA1C531DAA6A83008853A5 /* Assets.xcassets in Resources */,
				CAEA1C861DAA79CE008853A5 /* LiveViewController.storyboard in Resources */,
				CAEA1C511DAA6A83008853A5 /* Main.storyboard in Resources */,
			);
			runOnlyForDeploymentPostprocessing = 0;
		};
		CAEA1C5A1DAA6A83008853A5 /* Resources */ = {
			isa = PBXResourcesBuildPhase;
			buildActionMask = 2147483647;
			files = (
			);
			runOnlyForDeploymentPostprocessing = 0;
		};
		CAEA1C651DAA6A83008853A5 /* Resources */ = {
			isa = PBXResourcesBuildPhase;
			buildActionMask = 2147483647;
			files = (
			);
			runOnlyForDeploymentPostprocessing = 0;
		};
/* End PBXResourcesBuildPhase section */

/* Begin PBXSourcesBuildPhase section */
		CAEA1C441DAA6A83008853A5 /* Sources */ = {
			isa = PBXSourcesBuildPhase;
			buildActionMask = 2147483647;
			files = (
				CAEA1C4C1DAA6A83008853A5 /* AppDelegate.swift in Sources */,
				CAEA1CA11DAAA939008853A5 /* UIBarButtonItem.swift in Sources */,
				CAEA1C8D1DAA8E28008853A5 /* MainViewController.swift in Sources */,
				CAEA1C9E1DAAA154008853A5 /* HomeViewController.swift in Sources */,
			);
			runOnlyForDeploymentPostprocessing = 0;
		};
		CAEA1C581DAA6A83008853A5 /* Sources */ = {
			isa = PBXSourcesBuildPhase;
			buildActionMask = 2147483647;
			files = (
				CAEA1C611DAA6A83008853A5 /* RRDouyuTVTests.swift in Sources */,
			);
			runOnlyForDeploymentPostprocessing = 0;
		};
		CAEA1C631DAA6A83008853A5 /* Sources */ = {
			isa = PBXSourcesBuildPhase;
			buildActionMask = 2147483647;
			files = (
				CAEA1C6C1DAA6A83008853A5 /* RRDouyuTVUITests.swift in Sources */,
			);
			runOnlyForDeploymentPostprocessing = 0;
		};
/* End PBXSourcesBuildPhase section */

/* Begin PBXTargetDependency section */
		CAEA1C5E1DAA6A83008853A5 /* PBXTargetDependency */ = {
			isa = PBXTargetDependency;
			target = CAEA1C471DAA6A83008853A5 /* RRDouyuTV */;
			targetProxy = CAEA1C5D1DAA6A83008853A5 /* PBXContainerItemProxy */;
		};
		CAEA1C691DAA6A83008853A5 /* PBXTargetDependency */ = {
			isa = PBXTargetDependency;
			target = CAEA1C471DAA6A83008853A5 /* RRDouyuTV */;
			targetProxy = CAEA1C681DAA6A83008853A5 /* PBXContainerItemProxy */;
		};
/* End PBXTargetDependency section */

/* Begin PBXVariantGroup section */
		CAEA1C4F1DAA6A83008853A5 /* Main.storyboard */ = {
			isa = PBXVariantGroup;
			children = (
				CAEA1C501DAA6A83008853A5 /* Base */,
			);
			name = Main.storyboard;
			path = ../../..;
			sourceTree = "<group>";
		};
		CAEA1C541DAA6A83008853A5 /* LaunchScreen.storyboard */ = {
			isa = PBXVariantGroup;
			children = (
				CAEA1C551DAA6A83008853A5 /* Base */,
			);
			name = LaunchScreen.storyboard;
			sourceTree = "<group>";
		};
		CAEA1C821DAA79B9008853A5 /* HomeViewController.storyboard */ = {
			isa = PBXVariantGroup;
			children = (
				CAEA1C831DAA79B9008853A5 /* Base */,
			);
			name = HomeViewController.storyboard;
			path = "../../Main(主界面)";
			sourceTree = "<group>";
		};
		CAEA1C871DAA79E5008853A5 /* FolloewViewController.storyboard */ = {
			isa = PBXVariantGroup;
			children = (
				CAEA1C881DAA79E5008853A5 /* Base */,
			);
			name = FolloewViewController.storyboard;
			path = "../../Main(主界面)";
			sourceTree = "<group>";
		};
/* End PBXVariantGroup section */

/* Begin XCBuildConfiguration section */
		CAEA1C6E1DAA6A83008853A5 /* Debug */ = {
			isa = XCBuildConfiguration;
			buildSettings = {
				ALWAYS_SEARCH_USER_PATHS = NO;
				CLANG_ANALYZER_NONNULL = YES;
				CLANG_CXX_LANGUAGE_STANDARD = "gnu++0x";
				CLANG_CXX_LIBRARY = "libc++";
				CLANG_ENABLE_MODULES = YES;
				CLANG_ENABLE_OBJC_ARC = YES;
				CLANG_WARN_BOOL_CONVERSION = YES;
				CLANG_WARN_CONSTANT_CONVERSION = YES;
				CLANG_WARN_DIRECT_OBJC_ISA_USAGE = YES_ERROR;
				CLANG_WARN_DOCUMENTATION_COMMENTS = YES;
				CLANG_WARN_EMPTY_BODY = YES;
				CLANG_WARN_ENUM_CONVERSION = YES;
				CLANG_WARN_INFINITE_RECURSION = YES;
				CLANG_WARN_INT_CONVERSION = YES;
				CLANG_WARN_OBJC_ROOT_CLASS = YES_ERROR;
				CLANG_WARN_SUSPICIOUS_MOVES = YES;
				CLANG_WARN_UNREACHABLE_CODE = YES;
				CLANG_WARN__DUPLICATE_METHOD_MATCH = YES;
				"CODE_SIGN_IDENTITY[sdk=iphoneos*]" = "iPhone Developer";
				COPY_PHASE_STRIP = NO;
				DEBUG_INFORMATION_FORMAT = dwarf;
				ENABLE_STRICT_OBJC_MSGSEND = YES;
				ENABLE_TESTABILITY = YES;
				GCC_C_LANGUAGE_STANDARD = gnu99;
				GCC_DYNAMIC_NO_PIC = NO;
				GCC_NO_COMMON_BLOCKS = YES;
				GCC_OPTIMIZATION_LEVEL = 0;
				GCC_PREPROCESSOR_DEFINITIONS = (
					"DEBUG=1",
					"$(inherited)",
				);
				GCC_WARN_64_TO_32_BIT_CONVERSION = YES;
				GCC_WARN_ABOUT_RETURN_TYPE = YES_ERROR;
				GCC_WARN_UNDECLARED_SELECTOR = YES;
				GCC_WARN_UNINITIALIZED_AUTOS = YES_AGGRESSIVE;
				GCC_WARN_UNUSED_FUNCTION = YES;
				GCC_WARN_UNUSED_VARIABLE = YES;
				IPHONEOS_DEPLOYMENT_TARGET = 10.0;
				MTL_ENABLE_DEBUG_INFO = YES;
				ONLY_ACTIVE_ARCH = YES;
				SDKROOT = iphoneos;
				SWIFT_ACTIVE_COMPILATION_CONDITIONS = DEBUG;
				SWIFT_OPTIMIZATION_LEVEL = "-Onone";
			};
			name = Debug;
		};
		CAEA1C6F1DAA6A83008853A5 /* Release */ = {
			isa = XCBuildConfiguration;
			buildSettings = {
				ALWAYS_SEARCH_USER_PATHS = NO;
				CLANG_ANALYZER_NONNULL = YES;
				CLANG_CXX_LANGUAGE_STANDARD = "gnu++0x";
				CLANG_CXX_LIBRARY = "libc++";
				CLANG_ENABLE_MODULES = YES;
				CLANG_ENABLE_OBJC_ARC = YES;
				CLANG_WARN_BOOL_CONVERSION = YES;
				CLANG_WARN_CONSTANT_CONVERSION = YES;
				CLANG_WARN_DIRECT_OBJC_ISA_USAGE = YES_ERROR;
				CLANG_WARN_DOCUMENTATION_COMMENTS = YES;
				CLANG_WARN_EMPTY_BODY = YES;
				CLANG_WARN_ENUM_CONVERSION = YES;
				CLANG_WARN_INFINITE_RECURSION = YES;
				CLANG_WARN_INT_CONVERSION = YES;
				CLANG_WARN_OBJC_ROOT_CLASS = YES_ERROR;
				CLANG_WARN_SUSPICIOUS_MOVES = YES;
				CLANG_WARN_UNREACHABLE_CODE = YES;
				CLANG_WARN__DUPLICATE_METHOD_MATCH = YES;
				"CODE_SIGN_IDENTITY[sdk=iphoneos*]" = "iPhone Developer";
				COPY_PHASE_STRIP = NO;
				DEBUG_INFORMATION_FORMAT = "dwarf-with-dsym";
				ENABLE_NS_ASSERTIONS = NO;
				ENABLE_STRICT_OBJC_MSGSEND = YES;
				GCC_C_LANGUAGE_STANDARD = gnu99;
				GCC_NO_COMMON_BLOCKS = YES;
				GCC_WARN_64_TO_32_BIT_CONVERSION = YES;
				GCC_WARN_ABOUT_RETURN_TYPE = YES_ERROR;
				GCC_WARN_UNDECLARED_SELECTOR = YES;
				GCC_WARN_UNINITIALIZED_AUTOS = YES_AGGRESSIVE;
				GCC_WARN_UNUSED_FUNCTION = YES;
				GCC_WARN_UNUSED_VARIABLE = YES;
				IPHONEOS_DEPLOYMENT_TARGET = 10.0;
				MTL_ENABLE_DEBUG_INFO = NO;
				SDKROOT = iphoneos;
				SWIFT_OPTIMIZATION_LEVEL = "-Owholemodule";
				VALIDATE_PRODUCT = YES;
			};
			name = Release;
		};
		CAEA1C711DAA6A83008853A5 /* Debug */ = {
			isa = XCBuildConfiguration;
			buildSettings = {
				ASSETCATALOG_COMPILER_APPICON_NAME = AppIcon;
				ASSETCATALOG_COMPILER_LAUNCHIMAGE_NAME = LaunchImage;
				INFOPLIST_FILE = RRDouyuTV/Info.plist;
				IPHONEOS_DEPLOYMENT_TARGET = 8.0;
				LD_RUNPATH_SEARCH_PATHS = "$(inherited) @executable_path/Frameworks";
				PRODUCT_BUNDLE_IDENTIFIER = "-rui.RRDouyuTV";
				PRODUCT_NAME = "$(TARGET_NAME)";
				SWIFT_VERSION = 3.0;
			};
			name = Debug;
		};
		CAEA1C721DAA6A83008853A5 /* Release */ = {
			isa = XCBuildConfiguration;
			buildSettings = {
				ASSETCATALOG_COMPILER_APPICON_NAME = AppIcon;
				ASSETCATALOG_COMPILER_LAUNCHIMAGE_NAME = LaunchImage;
				INFOPLIST_FILE = RRDouyuTV/Info.plist;
				IPHONEOS_DEPLOYMENT_TARGET = 8.0;
				LD_RUNPATH_SEARCH_PATHS = "$(inherited) @executable_path/Frameworks";
				PRODUCT_BUNDLE_IDENTIFIER = "-rui.RRDouyuTV";
				PRODUCT_NAME = "$(TARGET_NAME)";
				SWIFT_VERSION = 3.0;
			};
			name = Release;
		};
		CAEA1C741DAA6A83008853A5 /* Debug */ = {
			isa = XCBuildConfiguration;
			buildSettings = {
				ALWAYS_EMBED_SWIFT_STANDARD_LIBRARIES = YES;
				BUNDLE_LOADER = "$(TEST_HOST)";
				INFOPLIST_FILE = RRDouyuTVTests/Info.plist;
				LD_RUNPATH_SEARCH_PATHS = "$(inherited) @executable_path/Frameworks @loader_path/Frameworks";
				PRODUCT_BUNDLE_IDENTIFIER = "-rui.RRDouyuTVTests";
				PRODUCT_NAME = "$(TARGET_NAME)";
				SWIFT_VERSION = 3.0;
				TEST_HOST = "$(BUILT_PRODUCTS_DIR)/RRDouyuTV.app/RRDouyuTV";
			};
			name = Debug;
		};
		CAEA1C751DAA6A83008853A5 /* Release */ = {
			isa = XCBuildConfiguration;
			buildSettings = {
				ALWAYS_EMBED_SWIFT_STANDARD_LIBRARIES = YES;
				BUNDLE_LOADER = "$(TEST_HOST)";
				INFOPLIST_FILE = RRDouyuTVTests/Info.plist;
				LD_RUNPATH_SEARCH_PATHS = "$(inherited) @executable_path/Frameworks @loader_path/Frameworks";
				PRODUCT_BUNDLE_IDENTIFIER = "-rui.RRDouyuTVTests";
				PRODUCT_NAME = "$(TARGET_NAME)";
				SWIFT_VERSION = 3.0;
				TEST_HOST = "$(BUILT_PRODUCTS_DIR)/RRDouyuTV.app/RRDouyuTV";
			};
			name = Release;
		};
		CAEA1C771DAA6A83008853A5 /* Debug */ = {
			isa = XCBuildConfiguration;
			buildSettings = {
				ALWAYS_EMBED_SWIFT_STANDARD_LIBRARIES = YES;
				INFOPLIST_FILE = RRDouyuTVUITests/Info.plist;
				LD_RUNPATH_SEARCH_PATHS = "$(inherited) @executable_path/Frameworks @loader_path/Frameworks";
				PRODUCT_BUNDLE_IDENTIFIER = "-rui.RRDouyuTVUITests";
				PRODUCT_NAME = "$(TARGET_NAME)";
				SWIFT_VERSION = 3.0;
				TEST_TARGET_NAME = RRDouyuTV;
			};
			name = Debug;
		};
		CAEA1C781DAA6A83008853A5 /* Release */ = {
			isa = XCBuildConfiguration;
			buildSettings = {
				ALWAYS_EMBED_SWIFT_STANDARD_LIBRARIES = YES;
				INFOPLIST_FILE = RRDouyuTVUITests/Info.plist;
				LD_RUNPATH_SEARCH_PATHS = "$(inherited) @executable_path/Frameworks @loader_path/Frameworks";
				PRODUCT_BUNDLE_IDENTIFIER = "-rui.RRDouyuTVUITests";
				PRODUCT_NAME = "$(TARGET_NAME)";
				SWIFT_VERSION = 3.0;
				TEST_TARGET_NAME = RRDouyuTV;
			};
			name = Release;
		};
/* End XCBuildConfiguration section */

/* Begin XCConfigurationList section */
		CAEA1C431DAA6A83008853A5 /* Build configuration list for PBXProject "RRDouyuTV" */ = {
			isa = XCConfigurationList;
			buildConfigurations = (
				CAEA1C6E1DAA6A83008853A5 /* Debug */,
				CAEA1C6F1DAA6A83008853A5 /* Release */,
			);
			defaultConfigurationIsVisible = 0;
			defaultConfigurationName = Release;
		};
		CAEA1C701DAA6A83008853A5 /* Build configuration list for PBXNativeTarget "RRDouyuTV" */ = {
			isa = XCConfigurationList;
			buildConfigurations = (
				CAEA1C711DAA6A83008853A5 /* Debug */,
				CAEA1C721DAA6A83008853A5 /* Release */,
			);
			defaultConfigurationIsVisible = 0;
			defaultConfigurationName = Release;
		};
		CAEA1C731DAA6A83008853A5 /* Build configuration list for PBXNativeTarget "RRDouyuTVTests" */ = {
			isa = XCConfigurationList;
			buildConfigurations = (
				CAEA1C741DAA6A83008853A5 /* Debug */,
				CAEA1C751DAA6A83008853A5 /* Release */,
			);
			defaultConfigurationIsVisible = 0;
			defaultConfigurationName = Release;
		};
		CAEA1C761DAA6A83008853A5 /* Build configuration list for PBXNativeTarget "RRDouyuTVUITests" */ = {
			isa = XCConfigurationList;
			buildConfigurations = (
				CAEA1C771DAA6A83008853A5 /* Debug */,
				CAEA1C781DAA6A83008853A5 /* Release */,
			);
			defaultConfigurationIsVisible = 0;
			defaultConfigurationName = Release;
		};
/* End XCConfigurationList section */
	};
	rootObject = CAEA1C401DAA6A83008853A5 /* Project object */;
}
